# This file is generated by running "yarn install" inside your project.
# Manual changes might be lost - proceed with caution!

__metadata:
  version: 6

"@harmonia/admin@workspace:packages/admin":
  version: 0.0.0-use.local
  resolution: "@harmonia/admin@workspace:packages/admin"
  languageName: unknown
  linkType: soft

"@harmonia/api@workspace:packages/api":
  version: 0.0.0-use.local
  resolution: "@harmonia/api@workspace:packages/api"
  languageName: unknown
  linkType: soft

"@harmonia/data@workspace:libraries/data":
  version: 0.0.0-use.local
  resolution: "@harmonia/data@workspace:libraries/data"
  languageName: unknown
  linkType: soft

"@harmonia/harmonia@workspace:.":
  version: 0.0.0-use.local
  resolution: "@harmonia/harmonia@workspace:."
  languageName: unknown
  linkType: soft
